<?xml version="1.0" encoding="utf-8"?>
<Project ToolsVersion="4.0" xmlns="http://schemas.microsoft.com/developer/msbuild/2003">
  <ItemGroup>
    <Filter Include="소스 파일">
      <UniqueIdentifier>{4FC737F1-C7A5-4376-A066-2A32D752A2FF}</UniqueIdentifier>
      <Extensions>cpp;c;cc;cxx;c++;cppm;ixx;def;odl;idl;hpj;bat;asm;asmx</Extensions>
    </Filter>
    <Filter Include="소스 파일\Default">
      <UniqueIdentifier>{996b8237-7f1f-450e-bab6-a150dbf03c0d}</UniqueIdentifier>
    </Filter>
    <Filter Include="소스 파일\Server">
      <UniqueIdentifier>{28f39d54-e08a-4a2a-9447-d632bbf122ab}</UniqueIdentifier>
    </Filter>
    <Filter Include="소스 파일\Default\ImGui">
      <UniqueIdentifier>{bb37eccf-c4e5-4baf-8db5-0704b347d684}</UniqueIdentifier>
    </Filter>
    <Filter Include="소스 파일\Server\MainApp">
      <UniqueIdentifier>{b57e9c60-a838-416f-af20-4aca428047dc}</UniqueIdentifier>
    </Filter>
    <Filter Include="소스 파일\Server\Define">
      <UniqueIdentifier>{8e35e265-13ff-41cf-9351-fb7a1a37e159}</UniqueIdentifier>
    </Filter>
    <Filter Include="소스 파일\Server\MyServer">
      <UniqueIdentifier>{e5cbd40b-5165-4ae8-922a-53be7aaa3088}</UniqueIdentifier>
    </Filter>
  </ItemGroup>
  <ItemGroup>
    <ClInclude Include="targetver.h">
      <Filter>소스 파일\Default</Filter>
    </ClInclude>
    <ClInclude Include="framework.h">
      <Filter>소스 파일\Default</Filter>
    </ClInclude>
    <ClInclude Include="Resource.h">
      <Filter>소스 파일\Default</Filter>
    </ClInclude>
    <ClInclude Include="Server.h">
      <Filter>소스 파일\Default</Filter>
    </ClInclude>
    <ClInclude Include="..\..\ImGui\imconfig.h">
      <Filter>소스 파일\Default\ImGui</Filter>
    </ClInclude>
    <ClInclude Include="..\..\ImGui\imgui.h">
      <Filter>소스 파일\Default\ImGui</Filter>
    </ClInclude>
    <ClInclude Include="..\..\ImGui\imgui_impl_dx11.h">
      <Filter>소스 파일\Default\ImGui</Filter>
    </ClInclude>
    <ClInclude Include="..\..\ImGui\imgui_impl_win32.h">
      <Filter>소스 파일\Default\ImGui</Filter>
    </ClInclude>
    <ClInclude Include="..\..\ImGui\imgui_internal.h">
      <Filter>소스 파일\Default\ImGui</Filter>
    </ClInclude>
    <ClInclude Include="..\..\ImGui\imstb_rectpack.h">
      <Filter>소스 파일\Default\ImGui</Filter>
    </ClInclude>
    <ClInclude Include="..\..\ImGui\imstb_textedit.h">
      <Filter>소스 파일\Default\ImGui</Filter>
    </ClInclude>
    <ClInclude Include="..\..\ImGui\imstb_truetype.h">
      <Filter>소스 파일\Default\ImGui</Filter>
    </ClInclude>
    <ClInclude Include="..\Public\CMainApp.h">
      <Filter>소스 파일\Server\MainApp</Filter>
    </ClInclude>
    <ClInclude Include="..\Public\common.h">
      <Filter>소스 파일\Server\Define</Filter>
    </ClInclude>
    <ClInclude Include="..\Public\Define.h">
      <Filter>소스 파일\Server\Define</Filter>
    </ClInclude>
    <ClInclude Include="..\Public\CMyServer.h">
      <Filter>소스 파일\Server\MyServer</Filter>
    </ClInclude>
  </ItemGroup>
  <ItemGroup>
    <ClCompile Include="Server.cpp">
      <Filter>소스 파일\Default</Filter>
    </ClCompile>
    <ClCompile Include="..\..\ImGui\imgui.cpp">
      <Filter>소스 파일\Default\ImGui</Filter>
    </ClCompile>
    <ClCompile Include="..\..\ImGui\imgui_demo.cpp">
      <Filter>소스 파일\Default\ImGui</Filter>
    </ClCompile>
    <ClCompile Include="..\..\ImGui\imgui_draw.cpp">
      <Filter>소스 파일\Default\ImGui</Filter>
    </ClCompile>
    <ClCompile Include="..\..\ImGui\imgui_impl_dx11.cpp">
      <Filter>소스 파일\Default\ImGui</Filter>
    </ClCompile>
    <ClCompile Include="..\..\ImGui\imgui_impl_win32.cpp">
      <Filter>소스 파일\Default\ImGui</Filter>
    </ClCompile>
    <ClCompile Include="..\..\ImGui\imgui_tables.cpp">
      <Filter>소스 파일\Default\ImGui</Filter>
    </ClCompile>
    <ClCompile Include="..\..\ImGui\imgui_widgets.cpp">
      <Filter>소스 파일\Default\ImGui</Filter>
    </ClCompile>
    <ClCompile Include="..\Private\CMainApp.cpp">
      <Filter>소스 파일\Server\MainApp</Filter>
    </ClCompile>
    <ClCompile Include="..\Private\CMyServer.cpp">
      <Filter>소스 파일\Server\MyServer</Filter>
    </ClCompile>
  </ItemGroup>
  <ItemGroup>
    <Image Include="small.ico">
      <Filter>소스 파일\Default</Filter>
    </Image>
    <Image Include="Server.ico">
      <Filter>소스 파일\Default</Filter>
    </Image>
  </ItemGroup>
  <ItemGroup>
    <ResourceCompile Include="Server.rc">
      <Filter>소스 파일\Default</Filter>
    </ResourceCompile>
  </ItemGroup>
</Project>